
Microsoft Visual Studio Solution File, Format Version 12.00
# Visual Studio Version 17
VisualStudioVersion = 17.14.36414.22
MinimumVisualStudioVersion = 10.0.40219.1
Project("{FAE04EC0-301F-11D3-BF4B-00C04F79EFBC}") = "OrderingSystem", "OrderingSystem\OrderingSystem.csproj", "{33E359AC-577B-4C8F-9EEB-72CB3F5964EB}"
EndProject
Project("{54435603-DBB4-11D2-8724-00A0C9A8B90C}") = "PandaBite", "PandaBite\PandaBite.vdproj", "{3DC4C648-FA33-C9B6-B36B-CA461AD01330}"
EndProject
Global
	GlobalSection(SolutionConfigurationPlatforms) = preSolution
		Debug|Any CPU = Debug|Any CPU
		Release|Any CPU = Release|Any CPU
	EndGlobalSection
	GlobalSection(ProjectConfigurationPlatforms) = postSolution
		{33E359AC-577B-4C8F-9EEB-72CB3F5964EB}.Debug|Any CPU.ActiveCfg = Debug|Any CPU
		{33E359AC-577B-4C8F-9EEB-72CB3F5964EB}.Debug|Any CPU.Build.0 = Debug|Any CPU
		{33E359AC-577B-4C8F-9EEB-72CB3F5964EB}.Release|Any CPU.ActiveCfg = Release|Any CPU
		{33E359AC-577B-4C8F-9EEB-72CB3F5964EB}.Release|Any CPU.Build.0 = Release|Any CPU
		{3DC4C648-FA33-C9B6-B36B-CA461AD01330}.Debug|Any CPU.ActiveCfg = Debug
		{3DC4C648-FA33-C9B6-B36B-CA461AD01330}.Release|Any CPU.ActiveCfg = Release
	EndGlobalSection
	GlobalSection(SolutionProperties) = preSolution
		HideSolutionNode = FALSE
	EndGlobalSection
	GlobalSection(ExtensibilityGlobals) = postSolution
		SolutionGuid = {BCD9EF75-A7B5-4EE7-BA43-B0796403EBE6}
	EndGlobalSection
EndGlobal
